Microsoft Visual Studio Solution File, Format Version 12.00
# Visual Studio Version 17
VisualStudioVersion = 17.5.2.0
MinimumVisualStudioVersion = 10.0.40219.1
Project("{FAE04EC0-301F-11D3-BF4B-00C04F79EFBC}") = "calculatoe3", "calculatoe3.csproj", "{BF0A3DBB-EA48-7D7A-C1A8-AD33BC632EF3}"
EndProject
Global
	GlobalSection(SolutionConfigurationPlatforms) = preSolution
		Debug|Any CPU = Debug|Any CPU
		Release|Any CPU = Release|Any CPU
	EndGlobalSection
	GlobalSection(ProjectConfigurationPlatforms) = postSolution
		{BF0A3DBB-EA48-7D7A-C1A8-AD33BC632EF3}.Debug|Any CPU.ActiveCfg = Debug|Any CPU
		{BF0A3DBB-EA48-7D7A-C1A8-AD33BC632EF3}.Debug|Any CPU.Build.0 = Debug|Any CPU
		{BF0A3DBB-EA48-7D7A-C1A8-AD33BC632EF3}.Release|Any CPU.ActiveCfg = Release|Any CPU
		{BF0A3DBB-EA48-7D7A-C1A8-AD33BC632EF3}.Release|Any CPU.Build.0 = Release|Any CPU
	EndGlobalSection
	GlobalSection(SolutionProperties) = preSolution
		HideSolutionNode = FALSE
	EndGlobalSection
	GlobalSection(ExtensibilityGlobals) = postSolution
		SolutionGuid = {BD4676AC-49AD-4F6D-B6BB-33F2D05E54C3}
	EndGlobalSection
EndGlobal
